
Microsoft Visual Studio Solution File, Format Version 12.00
# Visual Studio Version 16
VisualStudioVersion = 16.0.31321.278
MinimumVisualStudioVersion = 10.0.40219.1
Project("{FAE04EC0-301F-11D3-BF4B-00C04F79EFBC}") = "PolivanovPractic", "PolivanovPractic\PolivanovPractic.csproj", "{D723E86A-953A-47EF-9758-2D88E4CC4E9C}"
EndProject
Global
	GlobalSection(SolutionConfigurationPlatforms) = preSolution
		Debug|Any CPU = Debug|Any CPU
		Release|Any CPU = Release|Any CPU
	EndGlobalSection
	GlobalSection(ProjectConfigurationPlatforms) = postSolution
		{D723E86A-953A-47EF-9758-2D88E4CC4E9C}.Debug|Any CPU.ActiveCfg = Debug|Any CPU
		{D723E86A-953A-47EF-9758-2D88E4CC4E9C}.Debug|Any CPU.Build.0 = Debug|Any CPU
		{D723E86A-953A-47EF-9758-2D88E4CC4E9C}.Release|Any CPU.ActiveCfg = Release|Any CPU
		{D723E86A-953A-47EF-9758-2D88E4CC4E9C}.Release|Any CPU.Build.0 = Release|Any CPU
	EndGlobalSection
	GlobalSection(SolutionProperties) = preSolution
		HideSolutionNode = FALSE
	EndGlobalSection
	GlobalSection(ExtensibilityGlobals) = postSolution
		SolutionGuid = {4701FBA9-29E9-4AE3-8526-A5F6070ADC95}
	EndGlobalSection
EndGlobal
